
Microsoft Visual Studio Solution File, Format Version 12.00
# Visual Studio Version 17
VisualStudioVersion = 17.8.34525.116
MinimumVisualStudioVersion = 10.0.40219.1
Project("{FAE04EC0-301F-11D3-BF4B-00C04F79EFBC}") = "Week14OOP", "Week14OOP\Week14OOP.csproj", "{3CC12BDB-8283-45C4-B48F-310759E7CB6A}"
EndProject
Global
	GlobalSection(SolutionConfigurationPlatforms) = preSolution
		Debug|Any CPU = Debug|Any CPU
		Release|Any CPU = Release|Any CPU
	EndGlobalSection
	GlobalSection(ProjectConfigurationPlatforms) = postSolution
		{3CC12BDB-8283-45C4-B48F-310759E7CB6A}.Debug|Any CPU.ActiveCfg = Debug|Any CPU
		{3CC12BDB-8283-45C4-B48F-310759E7CB6A}.Debug|Any CPU.Build.0 = Debug|Any CPU
		{3CC12BDB-8283-45C4-B48F-310759E7CB6A}.Release|Any CPU.ActiveCfg = Release|Any CPU
		{3CC12BDB-8283-45C4-B48F-310759E7CB6A}.Release|Any CPU.Build.0 = Release|Any CPU
	EndGlobalSection
	GlobalSection(SolutionProperties) = preSolution
		HideSolutionNode = FALSE
	EndGlobalSection
	GlobalSection(ExtensibilityGlobals) = postSolution
		SolutionGuid = {C0C173B5-17D6-4C65-B836-9DE63987664F}
	EndGlobalSection
EndGlobal
